
Microsoft Visual Studio Solution File, Format Version 12.00
# Visual Studio 14
VisualStudioVersion = 14.0.23107.0
MinimumVisualStudioVersion = 10.0.40219.1
Project("{FAE04EC0-301F-11D3-BF4B-00C04F79EFBC}") = "HoraceTalker.Console", "HoraceTalker.Console\HoraceTalker.Console.csproj", "{767A07AF-BD1A-4FF8-A6C1-9FCEA46F726E}"
EndProject
Project("{FAE04EC0-301F-11D3-BF4B-00C04F79EFBC}") = "HoraceTalker.Core", "HoraceTalker.Core\HoraceTalker.Core.csproj", "{CF87DB04-5B21-4B43-A585-A4EA9B30C338}"
EndProject
Project("{FAE04EC0-301F-11D3-BF4B-00C04F79EFBC}") = "HoraceTalker.Domain", "HoraceTalker.Domain\HoraceTalker.Domain.csproj", "{376AE5F3-C031-4ECD-8403-279FEDD2C60D}"
EndProject
Global
	GlobalSection(SolutionConfigurationPlatforms) = preSolution
		Debug|Any CPU = Debug|Any CPU
		Release|Any CPU = Release|Any CPU
	EndGlobalSection
	GlobalSection(ProjectConfigurationPlatforms) = postSolution
		{767A07AF-BD1A-4FF8-A6C1-9FCEA46F726E}.Debug|Any CPU.ActiveCfg = Debug|Any CPU
		{767A07AF-BD1A-4FF8-A6C1-9FCEA46F726E}.Debug|Any CPU.Build.0 = Debug|Any CPU
		{767A07AF-BD1A-4FF8-A6C1-9FCEA46F726E}.Release|Any CPU.ActiveCfg = Release|Any CPU
		{767A07AF-BD1A-4FF8-A6C1-9FCEA46F726E}.Release|Any CPU.Build.0 = Release|Any CPU
		{CF87DB04-5B21-4B43-A585-A4EA9B30C338}.Debug|Any CPU.ActiveCfg = Debug|Any CPU
		{CF87DB04-5B21-4B43-A585-A4EA9B30C338}.Debug|Any CPU.Build.0 = Debug|Any CPU
		{CF87DB04-5B21-4B43-A585-A4EA9B30C338}.Release|Any CPU.ActiveCfg = Release|Any CPU
		{CF87DB04-5B21-4B43-A585-A4EA9B30C338}.Release|Any CPU.Build.0 = Release|Any CPU
		{376AE5F3-C031-4ECD-8403-279FEDD2C60D}.Debug|Any CPU.ActiveCfg = Debug|Any CPU
		{376AE5F3-C031-4ECD-8403-279FEDD2C60D}.Debug|Any CPU.Build.0 = Debug|Any CPU
		{376AE5F3-C031-4ECD-8403-279FEDD2C60D}.Release|Any CPU.ActiveCfg = Release|Any CPU
		{376AE5F3-C031-4ECD-8403-279FEDD2C60D}.Release|Any CPU.Build.0 = Release|Any CPU
	EndGlobalSection
	GlobalSection(SolutionProperties) = preSolution
		HideSolutionNode = FALSE
	EndGlobalSection
EndGlobal
